
Microsoft Visual Studio Solution File, Format Version 12.00
# Visual Studio Version 16
VisualStudioVersion = 16.0.31019.35
MinimumVisualStudioVersion = 10.0.40219.1
Project("{FAE04EC0-301F-11D3-BF4B-00C04F79EFBC}") = "MSSA", "MSSA.csproj", "{4AB77C1A-096D-4779-A303-215226B8EB5B}"
EndProject
Global
	GlobalSection(SolutionConfigurationPlatforms) = preSolution
		Debug|Any CPU = Debug|Any CPU
		Release|Any CPU = Release|Any CPU
	EndGlobalSection
	GlobalSection(ProjectConfigurationPlatforms) = postSolution
		{4AB77C1A-096D-4779-A303-215226B8EB5B}.Debug|Any CPU.ActiveCfg = Debug|Any CPU
		{4AB77C1A-096D-4779-A303-215226B8EB5B}.Debug|Any CPU.Build.0 = Debug|Any CPU
		{4AB77C1A-096D-4779-A303-215226B8EB5B}.Release|Any CPU.ActiveCfg = Release|Any CPU
		{4AB77C1A-096D-4779-A303-215226B8EB5B}.Release|Any CPU.Build.0 = Release|Any CPU
	EndGlobalSection
	GlobalSection(SolutionProperties) = preSolution
		HideSolutionNode = FALSE
	EndGlobalSection
	GlobalSection(ExtensibilityGlobals) = postSolution
		SolutionGuid = {57146944-C994-4C92-8E64-52FB63E12EF0}
	EndGlobalSection
EndGlobal
