
Microsoft Visual Studio Solution File, Format Version 12.00
# Visual Studio Version 16
VisualStudioVersion = 16.0.31019.35
MinimumVisualStudioVersion = 10.0.40219.1
Project("{FAE04EC0-301F-11D3-BF4B-00C04F79EFBC}") = "Students", "Students.csproj", "{4AB77C1A-096D-4779-A303-215226B8EB5B}"
EndProject
Project("{FAE04EC0-301F-11D3-BF4B-00C04F79EFBC}") = "AnonDelegate", "AnonDelegate\AnonDelegate.csproj", "{2D1B4B88-798B-4719-B438-8D2048DCCA65}"
EndProject
Project("{FAE04EC0-301F-11D3-BF4B-00C04F79EFBC}") = "EmployeeRepoTutorial", "EmployeeRepoTutorial\EmployeeRepoTutorial.csproj", "{EEB41EA0-1320-4C72-8445-A6583374B73E}"
EndProject
Project("{FAE04EC0-301F-11D3-BF4B-00C04F79EFBC}") = "FormsEmpSystem", "FormsEmpSystem\FormsEmpSystem.csproj", "{2E9BE41B-814D-47DB-8379-3A227B652828}"
EndProject
Project("{FAE04EC0-301F-11D3-BF4B-00C04F79EFBC}") = "LibraryClass", "LibraryClass\LibraryClass.csproj", "{CC2655BC-2F03-4F66-8FBF-79789107B72F}"
EndProject
Project("{FAE04EC0-301F-11D3-BF4B-00C04F79EFBC}") = "LibraryWPF", "LibraryWPF\LibraryWPF.csproj", "{86433619-A3B3-49F2-8939-9BC758B26161}"
EndProject
Project("{FAE04EC0-301F-11D3-BF4B-00C04F79EFBC}") = "WPFTest", "WPFTest\WPFTest.csproj", "{C2350B4E-9FE8-4ACB-8BC1-A2E8F5B8EC9D}"
EndProject
Project("{FAE04EC0-301F-11D3-BF4B-00C04F79EFBC}") = "Tutorial", "Tutorial\Tutorial.csproj", "{58C5E79D-D2B6-46B2-8A42-5178D640E3F9}"
EndProject
Project("{FAE04EC0-301F-11D3-BF4B-00C04F79EFBC}") = "UseWordConsoleApp", "UseWordConsoleApp\UseWordConsoleApp.csproj", "{111B4870-191C-4E73-9A78-3F7BDEB3E27C}"
EndProject
Project("{FAE04EC0-301F-11D3-BF4B-00C04F79EFBC}") = "DemoMathdll", "DemoMathdll\DemoMathdll.csproj", "{C22FC33E-192D-44AF-BAAD-2073AFAA2B8D}"
EndProject
Project("{FAE04EC0-301F-11D3-BF4B-00C04F79EFBC}") = "EncryptionConsole", "EncryptionConsole\EncryptionConsole.csproj", "{E236C171-E4EC-4090-8395-B80C237E64B2}"
EndProject
Global
	GlobalSection(SolutionConfigurationPlatforms) = preSolution
		Debug|Any CPU = Debug|Any CPU
		Release|Any CPU = Release|Any CPU
	EndGlobalSection
	GlobalSection(ProjectConfigurationPlatforms) = postSolution
		{4AB77C1A-096D-4779-A303-215226B8EB5B}.Debug|Any CPU.ActiveCfg = Debug|Any CPU
		{4AB77C1A-096D-4779-A303-215226B8EB5B}.Debug|Any CPU.Build.0 = Debug|Any CPU
		{4AB77C1A-096D-4779-A303-215226B8EB5B}.Release|Any CPU.ActiveCfg = Release|Any CPU
		{4AB77C1A-096D-4779-A303-215226B8EB5B}.Release|Any CPU.Build.0 = Release|Any CPU
		{2D1B4B88-798B-4719-B438-8D2048DCCA65}.Debug|Any CPU.ActiveCfg = Debug|Any CPU
		{2D1B4B88-798B-4719-B438-8D2048DCCA65}.Debug|Any CPU.Build.0 = Debug|Any CPU
		{2D1B4B88-798B-4719-B438-8D2048DCCA65}.Release|Any CPU.ActiveCfg = Release|Any CPU
		{2D1B4B88-798B-4719-B438-8D2048DCCA65}.Release|Any CPU.Build.0 = Release|Any CPU
		{EEB41EA0-1320-4C72-8445-A6583374B73E}.Debug|Any CPU.ActiveCfg = Debug|Any CPU
		{EEB41EA0-1320-4C72-8445-A6583374B73E}.Debug|Any CPU.Build.0 = Debug|Any CPU
		{EEB41EA0-1320-4C72-8445-A6583374B73E}.Release|Any CPU.ActiveCfg = Release|Any CPU
		{EEB41EA0-1320-4C72-8445-A6583374B73E}.Release|Any CPU.Build.0 = Release|Any CPU
		{2E9BE41B-814D-47DB-8379-3A227B652828}.Debug|Any CPU.ActiveCfg = Debug|Any CPU
		{2E9BE41B-814D-47DB-8379-3A227B652828}.Debug|Any CPU.Build.0 = Debug|Any CPU
		{2E9BE41B-814D-47DB-8379-3A227B652828}.Release|Any CPU.ActiveCfg = Release|Any CPU
		{2E9BE41B-814D-47DB-8379-3A227B652828}.Release|Any CPU.Build.0 = Release|Any CPU
		{CC2655BC-2F03-4F66-8FBF-79789107B72F}.Debug|Any CPU.ActiveCfg = Debug|Any CPU
		{CC2655BC-2F03-4F66-8FBF-79789107B72F}.Debug|Any CPU.Build.0 = Debug|Any CPU
		{CC2655BC-2F03-4F66-8FBF-79789107B72F}.Release|Any CPU.ActiveCfg = Release|Any CPU
		{CC2655BC-2F03-4F66-8FBF-79789107B72F}.Release|Any CPU.Build.0 = Release|Any CPU
		{86433619-A3B3-49F2-8939-9BC758B26161}.Debug|Any CPU.ActiveCfg = Debug|Any CPU
		{86433619-A3B3-49F2-8939-9BC758B26161}.Debug|Any CPU.Build.0 = Debug|Any CPU
		{86433619-A3B3-49F2-8939-9BC758B26161}.Release|Any CPU.ActiveCfg = Release|Any CPU
		{86433619-A3B3-49F2-8939-9BC758B26161}.Release|Any CPU.Build.0 = Release|Any CPU
		{C2350B4E-9FE8-4ACB-8BC1-A2E8F5B8EC9D}.Debug|Any CPU.ActiveCfg = Debug|Any CPU
		{C2350B4E-9FE8-4ACB-8BC1-A2E8F5B8EC9D}.Debug|Any CPU.Build.0 = Debug|Any CPU
		{C2350B4E-9FE8-4ACB-8BC1-A2E8F5B8EC9D}.Release|Any CPU.ActiveCfg = Release|Any CPU
		{C2350B4E-9FE8-4ACB-8BC1-A2E8F5B8EC9D}.Release|Any CPU.Build.0 = Release|Any CPU
		{58C5E79D-D2B6-46B2-8A42-5178D640E3F9}.Debug|Any CPU.ActiveCfg = Debug|Any CPU
		{58C5E79D-D2B6-46B2-8A42-5178D640E3F9}.Debug|Any CPU.Build.0 = Debug|Any CPU
		{58C5E79D-D2B6-46B2-8A42-5178D640E3F9}.Release|Any CPU.ActiveCfg = Release|Any CPU
		{58C5E79D-D2B6-46B2-8A42-5178D640E3F9}.Release|Any CPU.Build.0 = Release|Any CPU
		{111B4870-191C-4E73-9A78-3F7BDEB3E27C}.Debug|Any CPU.ActiveCfg = Debug|Any CPU
		{111B4870-191C-4E73-9A78-3F7BDEB3E27C}.Debug|Any CPU.Build.0 = Debug|Any CPU
		{111B4870-191C-4E73-9A78-3F7BDEB3E27C}.Release|Any CPU.ActiveCfg = Release|Any CPU
		{111B4870-191C-4E73-9A78-3F7BDEB3E27C}.Release|Any CPU.Build.0 = Release|Any CPU
		{C22FC33E-192D-44AF-BAAD-2073AFAA2B8D}.Debug|Any CPU.ActiveCfg = Debug|Any CPU
		{C22FC33E-192D-44AF-BAAD-2073AFAA2B8D}.Debug|Any CPU.Build.0 = Debug|Any CPU
		{C22FC33E-192D-44AF-BAAD-2073AFAA2B8D}.Release|Any CPU.ActiveCfg = Release|Any CPU
		{C22FC33E-192D-44AF-BAAD-2073AFAA2B8D}.Release|Any CPU.Build.0 = Release|Any CPU
		{E236C171-E4EC-4090-8395-B80C237E64B2}.Debug|Any CPU.ActiveCfg = Debug|Any CPU
		{E236C171-E4EC-4090-8395-B80C237E64B2}.Debug|Any CPU.Build.0 = Debug|Any CPU
		{E236C171-E4EC-4090-8395-B80C237E64B2}.Release|Any CPU.ActiveCfg = Release|Any CPU
		{E236C171-E4EC-4090-8395-B80C237E64B2}.Release|Any CPU.Build.0 = Release|Any CPU
	EndGlobalSection
	GlobalSection(SolutionProperties) = preSolution
		HideSolutionNode = FALSE
	EndGlobalSection
	GlobalSection(ExtensibilityGlobals) = postSolution
		SolutionGuid = {57146944-C994-4C92-8E64-52FB63E12EF0}
	EndGlobalSection
EndGlobal
